
Microsoft Visual Studio Solution File, Format Version 12.00
# Visual Studio Version 17
VisualStudioVersion = 17.11.35312.102
MinimumVisualStudioVersion = 10.0.40219.1
Project("{FAE04EC0-301F-11D3-BF4B-00C04F79EFBC}") = "FirstNetCore", "FirstNetCore.csproj", "{C9771DF1-CE4F-43A8-B5E3-EF72AD103C62}"
EndProject
Global
	GlobalSection(SolutionConfigurationPlatforms) = preSolution
		Debug|Any CPU = Debug|Any CPU
		Release|Any CPU = Release|Any CPU
	EndGlobalSection
	GlobalSection(ProjectConfigurationPlatforms) = postSolution
		{C9771DF1-CE4F-43A8-B5E3-EF72AD103C62}.Debug|Any CPU.ActiveCfg = Debug|Any CPU
		{C9771DF1-CE4F-43A8-B5E3-EF72AD103C62}.Debug|Any CPU.Build.0 = Debug|Any CPU
		{C9771DF1-CE4F-43A8-B5E3-EF72AD103C62}.Release|Any CPU.ActiveCfg = Release|Any CPU
		{C9771DF1-CE4F-43A8-B5E3-EF72AD103C62}.Release|Any CPU.Build.0 = Release|Any CPU
	EndGlobalSection
	GlobalSection(SolutionProperties) = preSolution
		HideSolutionNode = FALSE
	EndGlobalSection
	GlobalSection(ExtensibilityGlobals) = postSolution
		SolutionGuid = {DD59C588-2800-4512-A0EC-AF1FE4D65747}
	EndGlobalSection
EndGlobal
